{
  "name": "external-ts-consumer-demo",
  "version": "1.0.0",
  "lockfileVersion": 3,
  "requires": true,
  "packages": {
    "": {
      "name": "external-ts-consumer-demo",
      "version": "1.0.0",
      "dependencies": {
        "snapshot-checker": "file:../.."
      },
      "devDependencies": {
        "typescript": "^5.7.2"
      }
    },
    "../..": {
      "name": "snapshot-checker",
      "version": "1.0.0",
      "license": "MIT",
      "bin": {
        "perf_parser": "dist/cli.js"
      },
      "devDependencies": {
        "@types/node": "^22.10.1",
        "typescript": "^5.7.2"
      }
    },
    "node_modules/snapshot-checker": {
      "resolved": "../..",
      "link": true
    },
    "node_modules/typescript": {
      "version": "5.9.3",
      "resolved": "https://registry.npmjs.org/typescript/-/typescript-5.9.3.tgz",
      "integrity": "sha512-jl1vZzPDinLr9eUt3J/t7V6FgNEw9QjvBPdysz9KfQDD41fQrC2Y4vKQdiaUpFT4bXlb1RHhLpp8wtm6M5TgSw==",
      "dev": true,
      "license": "Apache-2.0",
      "bin": {
        "tsc": "bin/tsc",
        "tsserver": "bin/tsserver"
      },
      "engines": {
        "node": ">=14.17"
      }
    }
  }
}
